
Microsoft Visual Studio Solution File, Format Version 12.00
# Visual Studio Version 17
VisualStudioVersion = 17.11.35222.181
MinimumVisualStudioVersion = 10.0.40219.1
Project("{9A19103F-16F7-4668-BE54-9A1E7A4F7556}") = "SecondTry", "SecondTry.csproj", "{F6326D01-84D4-4BB8-BAF0-6D24B9033DE4}"
EndProject
Project("{9A19103F-16F7-4668-BE54-9A1E7A4F7556}") = "SecondTry.Browser", "..\SecondTry.Browser\SecondTry.Browser.csproj", "{CC6BB9F1-5B9C-49D9-AF41-AD7F5CECD907}"
EndProject
Project("{9A19103F-16F7-4668-BE54-9A1E7A4F7556}") = "SecondTry.Desktop", "..\SecondTry.Desktop\SecondTry.Desktop.csproj", "{7AEE21B0-7E91-40E8-916E-28BF3B874648}"
EndProject
Global
	GlobalSection(SolutionConfigurationPlatforms) = preSolution
		Debug|Any CPU = Debug|Any CPU
		Release|Any CPU = Release|Any CPU
	EndGlobalSection
	GlobalSection(ProjectConfigurationPlatforms) = postSolution
		{F6326D01-84D4-4BB8-BAF0-6D24B9033DE4}.Debug|Any CPU.ActiveCfg = Debug|Any CPU
		{F6326D01-84D4-4BB8-BAF0-6D24B9033DE4}.Debug|Any CPU.Build.0 = Debug|Any CPU
		{F6326D01-84D4-4BB8-BAF0-6D24B9033DE4}.Release|Any CPU.ActiveCfg = Release|Any CPU
		{F6326D01-84D4-4BB8-BAF0-6D24B9033DE4}.Release|Any CPU.Build.0 = Release|Any CPU
		{CC6BB9F1-5B9C-49D9-AF41-AD7F5CECD907}.Debug|Any CPU.ActiveCfg = Debug|Any CPU
		{CC6BB9F1-5B9C-49D9-AF41-AD7F5CECD907}.Debug|Any CPU.Build.0 = Debug|Any CPU
		{CC6BB9F1-5B9C-49D9-AF41-AD7F5CECD907}.Release|Any CPU.ActiveCfg = Release|Any CPU
		{CC6BB9F1-5B9C-49D9-AF41-AD7F5CECD907}.Release|Any CPU.Build.0 = Release|Any CPU
		{7AEE21B0-7E91-40E8-916E-28BF3B874648}.Debug|Any CPU.ActiveCfg = Debug|Any CPU
		{7AEE21B0-7E91-40E8-916E-28BF3B874648}.Debug|Any CPU.Build.0 = Debug|Any CPU
		{7AEE21B0-7E91-40E8-916E-28BF3B874648}.Release|Any CPU.ActiveCfg = Release|Any CPU
		{7AEE21B0-7E91-40E8-916E-28BF3B874648}.Release|Any CPU.Build.0 = Release|Any CPU
	EndGlobalSection
	GlobalSection(SolutionProperties) = preSolution
		HideSolutionNode = FALSE
	EndGlobalSection
	GlobalSection(ExtensibilityGlobals) = postSolution
		SolutionGuid = {4EBF5E42-AF58-43E1-AEE5-6057B0618F37}
	EndGlobalSection
EndGlobal
